version: 5
environments:
  default:
    channels:
    - url: https://conda.anaconda.org/conda-forge/
    indexes:
    - https://pypi.org/simple
    packages:
      win-64:
      - conda: https://conda.anaconda.org/conda-forge/noarch/asttokens-3.0.0-pyhd8ed1ab_1.conda
      - conda: https://conda.anaconda.org/conda-forge/win-64/bzip2-1.0.8-h2466b09_7.conda
      - conda: https://conda.anaconda.org/conda-forge/win-64/ca-certificates-2025.1.31-h56e8100_0.conda
      - conda: https://conda.anaconda.org/conda-forge/noarch/colorama-0.4.6-pyhd8ed1ab_1.conda
      - conda: https://conda.anaconda.org/conda-forge/noarch/comm-0.2.2-pyhd8ed1ab_1.conda
      - conda: https://conda.anaconda.org/conda-forge/noarch/cpython-3.13.2-py313hd8ed1ab_101.conda
      - conda: https://conda.anaconda.org/conda-forge/win-64/debugpy-1.8.13-py313h5813708_0.conda
      - conda: https://conda.anaconda.org/conda-forge/noarch/decorator-5.2.1-pyhd8ed1ab_0.conda
      - conda: https://conda.anaconda.org/conda-forge/noarch/exceptiongroup-1.2.2-pyhd8ed1ab_1.conda
      - conda: https://conda.anaconda.org/conda-forge/noarch/executing-2.1.0-pyhd8ed1ab_1.conda
      - conda: https://conda.anaconda.org/conda-forge/noarch/importlib-metadata-8.6.1-pyha770c72_0.conda
      - conda: https://conda.anaconda.org/conda-forge/noarch/ipykernel-6.29.5-pyh4bbf305_0.conda
      - conda: https://conda.anaconda.org/conda-forge/noarch/ipython-9.1.0-pyhca29cf9_0.conda
      - conda: https://conda.anaconda.org/conda-forge/noarch/ipython_pygments_lexers-1.1.1-pyhd8ed1ab_0.conda
      - conda: https://conda.anaconda.org/conda-forge/noarch/jedi-0.19.2-pyhd8ed1ab_1.conda
      - conda: https://conda.anaconda.org/conda-forge/noarch/jupyter_client-8.6.3-pyhd8ed1ab_1.conda
      - conda: https://conda.anaconda.org/conda-forge/noarch/jupyter_core-5.7.2-pyh5737063_1.conda
      - conda: https://conda.anaconda.org/conda-forge/win-64/krb5-1.21.3-hdf4eb48_0.conda
      - conda: https://conda.anaconda.org/conda-forge/win-64/libexpat-2.7.0-he0c23c2_0.conda
      - conda: https://conda.anaconda.org/conda-forge/win-64/libffi-3.4.6-h537db12_1.conda
      - conda: https://conda.anaconda.org/conda-forge/win-64/liblzma-5.8.1-h2466b09_0.conda
      - conda: https://conda.anaconda.org/conda-forge/win-64/libmpdec-4.0.0-h2466b09_0.conda
      - conda: https://conda.anaconda.org/conda-forge/win-64/libsodium-1.0.20-hc70643c_0.conda
      - conda: https://conda.anaconda.org/conda-forge/win-64/libsqlite-3.49.1-h67fdade_2.conda
      - conda: https://conda.anaconda.org/conda-forge/win-64/libzlib-1.3.1-h2466b09_2.conda
      - conda: https://conda.anaconda.org/conda-forge/noarch/matplotlib-inline-0.1.7-pyhd8ed1ab_1.conda
      - conda: https://conda.anaconda.org/conda-forge/noarch/nest-asyncio-1.6.0-pyhd8ed1ab_1.conda
      - conda: https://conda.anaconda.org/conda-forge/win-64/openssl-3.5.0-ha4e3fda_0.conda
      - conda: https://conda.anaconda.org/conda-forge/noarch/packaging-24.2-pyhd8ed1ab_2.conda
      - conda: https://conda.anaconda.org/conda-forge/noarch/parso-0.8.4-pyhd8ed1ab_1.conda
      - conda: https://conda.anaconda.org/conda-forge/noarch/pickleshare-0.7.5-pyhd8ed1ab_1004.conda
      - conda: https://conda.anaconda.org/conda-forge/noarch/platformdirs-4.3.7-pyh29332c3_0.conda
      - conda: https://conda.anaconda.org/conda-forge/noarch/prompt-toolkit-3.0.50-pyha770c72_0.conda
      - conda: https://conda.anaconda.org/conda-forge/win-64/psutil-7.0.0-py313ha7868ed_0.conda
      - conda: https://conda.anaconda.org/conda-forge/noarch/pure_eval-0.2.3-pyhd8ed1ab_1.conda
      - conda: https://conda.anaconda.org/conda-forge/noarch/pygments-2.19.1-pyhd8ed1ab_0.conda
      - conda: https://conda.anaconda.org/conda-forge/win-64/python-3.13.2-h261c0b1_101_cp313.conda
      - conda: https://conda.anaconda.org/conda-forge/noarch/python-dateutil-2.9.0.post0-pyhff2d567_1.conda
      - conda: https://conda.anaconda.org/conda-forge/win-64/python_abi-3.13-6_cp313.conda
      - conda: https://conda.anaconda.org/conda-forge/win-64/pywin32-307-py313h5813708_3.conda
      - conda: https://conda.anaconda.org/conda-forge/win-64/pyzmq-26.4.0-py313h2100fd5_0.conda
      - conda: https://conda.anaconda.org/conda-forge/noarch/six-1.17.0-pyhd8ed1ab_0.conda
      - conda: https://conda.anaconda.org/conda-forge/noarch/stack_data-0.6.3-pyhd8ed1ab_1.conda
      - conda: https://conda.anaconda.org/conda-forge/win-64/tk-8.6.13-h5226925_1.conda
      - conda: https://conda.anaconda.org/conda-forge/win-64/tornado-6.4.2-py313ha7868ed_0.conda
      - conda: https://conda.anaconda.org/conda-forge/noarch/traitlets-5.14.3-pyhd8ed1ab_1.conda
      - conda: https://conda.anaconda.org/conda-forge/noarch/typing_extensions-4.13.1-pyh29332c3_0.conda
      - conda: https://conda.anaconda.org/conda-forge/noarch/tzdata-2025b-h78e105d_0.conda
      - conda: https://conda.anaconda.org/conda-forge/win-64/ucrt-10.0.22621.0-h57928b3_1.conda
      - conda: https://conda.anaconda.org/conda-forge/win-64/vc-14.3-h2b53caa_26.conda
      - conda: https://conda.anaconda.org/conda-forge/win-64/vc14_runtime-14.42.34438-hfd919c2_26.conda
      - conda: https://conda.anaconda.org/conda-forge/noarch/wcwidth-0.2.13-pyhd8ed1ab_1.conda
      - conda: https://conda.anaconda.org/conda-forge/win-64/zeromq-4.3.5-ha9f60a1_7.conda
      - conda: https://conda.anaconda.org/conda-forge/noarch/zipp-3.21.0-pyhd8ed1ab_1.conda
      - pypi: https://files.pythonhosted.org/packages/38/fc/bce832fd4fd99766c04d1ee0eead6b0ec6486fb100ae5e74c1d91292b982/certifi-2025.1.31-py3-none-any.whl
      - pypi: https://files.pythonhosted.org/packages/27/f2/4f9a69cc7712b9b5ad8fdb87039fd89abba997ad5cbe690d1835d40405b0/charset_normalizer-3.4.1-cp313-cp313-win_amd64.whl
      - pypi: https://files.pythonhosted.org/packages/6e/c6/ac0b6c1e2d138f1002bcf799d330bd6d85084fece321e662a14223794041/Deprecated-1.2.18-py2.py3-none-any.whl
      - pypi: https://files.pythonhosted.org/packages/76/c6/c88e154df9c4e1a2a66ccf0005a88dfb2650c1dffb6f5ce603dfbd452ce3/idna-3.10-py3-none-any.whl
      - pypi: https://files.pythonhosted.org/packages/a4/e9/104ec4bffcf971375c348146c2199d4e241294286cc04a428b12c02e5f81/keyring-23.4.1-py3-none-any.whl
      - pypi: https://files.pythonhosted.org/packages/de/3d/8161f7711c017e01ac9f008dfddd9410dff3674334c233bde66e7ba65bbf/pywin32_ctypes-0.2.3-py3-none-any.whl
      - pypi: https://files.pythonhosted.org/packages/f9/9b/335f9764261e915ed497fcdeb11df5dfd6f7bf257d4a6a2a686d80da4d54/requests-2.32.3-py3-none-any.whl
      - pypi: https://files.pythonhosted.org/packages/90/84/4d10a34535276d1d58129f995d02f25ba04718a2297b5025823ac4824c5c/synapseclient-3.1.1-py3-none-any.whl
      - pypi: https://files.pythonhosted.org/packages/33/cf/8435d5a7159e2a9c83a95896ed596f68cf798005fe107cc655b5c5c14704/urllib3-1.26.20-py2.py3-none-any.whl
      - pypi: https://files.pythonhosted.org/packages/bf/ae/743f16ef8c2e3628df3ddfd652b7d4c555d12c84b53f3d8218498f4ade9b/wrapt-1.17.2-cp313-cp313-win_amd64.whl
packages:
- kind: conda
  name: asttokens
  version: 3.0.0
  build: pyhd8ed1ab_1
  build_number: 1
  subdir: noarch
  noarch: python
  url: https://conda.anaconda.org/conda-forge/noarch/asttokens-3.0.0-pyhd8ed1ab_1.conda
  sha256: 93b14414b3b3ed91e286e1cbe4e7a60c4e1b1c730b0814d1e452a8ac4b9af593
  md5: 8f587de4bcf981e26228f268df374a9b
  depends:
  - python >=3.9
  constrains:
  - astroid >=2,<4
  license: Apache-2.0
  license_family: Apache
  purls:
  - pkg:pypi/asttokens?source=hash-mapping
  size: 28206
  timestamp: 1733250564754
- kind: conda
  name: bzip2
  version: 1.0.8
  build: h2466b09_7
  build_number: 7
  subdir: win-64
  url: https://conda.anaconda.org/conda-forge/win-64/bzip2-1.0.8-h2466b09_7.conda
  sha256: 35a5dad92e88fdd7fc405e864ec239486f4f31eec229e31686e61a140a8e573b
  md5: 276e7ffe9ffe39688abc665ef0f45596
  depends:
  - ucrt >=10.0.20348.0
  - vc >=14.2,<15
  - vc14_runtime >=14.29.30139
  license: bzip2-1.0.6
  license_family: BSD
  purls: []
  size: 54927
  timestamp: 1720974860185
- kind: conda
  name: ca-certificates
  version: 2025.1.31
  build: h56e8100_0
  subdir: win-64
  url: https://conda.anaconda.org/conda-forge/win-64/ca-certificates-2025.1.31-h56e8100_0.conda
  sha256: 1bedccdf25a3bd782d6b0e57ddd97cdcda5501716009f2de4479a779221df155
  md5: 5304a31607974dfc2110dfbb662ed092
  license: ISC
  purls: []
  size: 158690
  timestamp: 1738298232550
- kind: pypi
  name: certifi
  version: 2025.1.31
  url: https://files.pythonhosted.org/packages/38/fc/bce832fd4fd99766c04d1ee0eead6b0ec6486fb100ae5e74c1d91292b982/certifi-2025.1.31-py3-none-any.whl
  sha256: ca78db4565a652026a4db2bcdf68f2fb589ea80d0be70e03929ed730746b84fe
  requires_python: '>=3.6'
- kind: pypi
  name: charset-normalizer
  version: 3.4.1
  url: https://files.pythonhosted.org/packages/27/f2/4f9a69cc7712b9b5ad8fdb87039fd89abba997ad5cbe690d1835d40405b0/charset_normalizer-3.4.1-cp313-cp313-win_amd64.whl
  sha256: b1ac5992a838106edb89654e0aebfc24f5848ae2547d22c2c3f66454daa11971
  requires_python: '>=3.7'
- kind: conda
  name: colorama
  version: 0.4.6
  build: pyhd8ed1ab_1
  build_number: 1
  subdir: noarch
  noarch: python
  url: https://conda.anaconda.org/conda-forge/noarch/colorama-0.4.6-pyhd8ed1ab_1.conda
  sha256: ab29d57dc70786c1269633ba3dff20288b81664d3ff8d21af995742e2bb03287
  md5: 962b9857ee8e7018c22f2776ffa0b2d7
  depends:
  - python >=3.9
  license: BSD-3-Clause
  license_family: BSD
  purls:
  - pkg:pypi/colorama?source=hash-mapping
  size: 27011
  timestamp: 1733218222191
- kind: conda
  name: comm
  version: 0.2.2
  build: pyhd8ed1ab_1
  build_number: 1
  subdir: noarch
  noarch: python
  url: https://conda.anaconda.org/conda-forge/noarch/comm-0.2.2-pyhd8ed1ab_1.conda
  sha256: 7e87ef7c91574d9fac19faedaaee328a70f718c9b4ddadfdc0ba9ac021bd64af
  md5: 74673132601ec2b7fc592755605f4c1b
  depends:
  - python >=3.9
  - traitlets >=5.3
  license: BSD-3-Clause
  license_family: BSD
  purls:
  - pkg:pypi/comm?source=hash-mapping
  size: 12103
  timestamp: 1733503053903
- kind: conda
  name: cpython
  version: 3.13.2
  build: py313hd8ed1ab_101
  build_number: 101
  subdir: noarch
  noarch: generic
  url: https://conda.anaconda.org/conda-forge/noarch/cpython-3.13.2-py313hd8ed1ab_101.conda
  sha256: 29bfebfbd410db5e90fa489b239a3a7473bc1ec776bdca24e8c26c68c5654a8c
  md5: d6be72c63da6e99ac2a1b87b120d135a
  depends:
  - python 3.13.2.*
  - python_abi * *_cp313
  license: Python-2.0
  purls: []
  size: 47792
  timestamp: 1739800762370
- kind: conda
  name: debugpy
  version: 1.8.13
  build: py313h5813708_0
  subdir: win-64
  url: https://conda.anaconda.org/conda-forge/win-64/debugpy-1.8.13-py313h5813708_0.conda
  sha256: 6aa7d41cd985517e2bff65bbde8c4098e2278d24bbaadc3e3f56bdc8882db903
  md5: b637b3f184d9e40f6a59afcd22ca2d93
  depends:
  - python >=3.13,<3.14.0a0
  - python_abi 3.13.* *_cp313
  - ucrt >=10.0.20348.0
  - vc >=14.2,<15
  - vc14_runtime >=14.29.30139
  license: MIT
  license_family: MIT
  purls:
  - pkg:pypi/debugpy?source=hash-mapping
  size: 3611025
  timestamp: 1741148935247
- kind: conda
  name: decorator
  version: 5.2.1
  build: pyhd8ed1ab_0
  subdir: noarch
  noarch: python
  url: https://conda.anaconda.org/conda-forge/noarch/decorator-5.2.1-pyhd8ed1ab_0.conda
  sha256: c17c6b9937c08ad63cb20a26f403a3234088e57d4455600974a0ce865cb14017
  md5: 9ce473d1d1be1cc3810856a48b3fab32
  depends:
  - python >=3.9
  license: BSD-2-Clause
  license_family: BSD
  purls:
  - pkg:pypi/decorator?source=compressed-mapping
  size: 14129
  timestamp: 1740385067843
- kind: pypi
  name: deprecated
  version: 1.2.18
  url: https://files.pythonhosted.org/packages/6e/c6/ac0b6c1e2d138f1002bcf799d330bd6d85084fece321e662a14223794041/Deprecated-1.2.18-py2.py3-none-any.whl
  sha256: bd5011788200372a32418f888e326a09ff80d0214bd961147cfed01b5c018eec
  requires_dist:
  - wrapt<2,>=1.10
  - tox ; extra == 'dev'
  - pytest ; extra == 'dev'
  - pytest-cov ; extra == 'dev'
  - bump2version<1 ; extra == 'dev'
  - setuptools ; python_full_version >= '3.12' and extra == 'dev'
  requires_python: '>=2.7,!=3.0.*,!=3.1.*,!=3.2.*,!=3.3.*'
- kind: conda
  name: exceptiongroup
  version: 1.2.2
  build: pyhd8ed1ab_1
  build_number: 1
  subdir: noarch
  noarch: python
  url: https://conda.anaconda.org/conda-forge/noarch/exceptiongroup-1.2.2-pyhd8ed1ab_1.conda
  sha256: cbde2c64ec317118fc06b223c5fd87c8a680255e7348dd60e7b292d2e103e701
  md5: a16662747cdeb9abbac74d0057cc976e
  depends:
  - python >=3.9
  license: MIT and PSF-2.0
  purls:
  - pkg:pypi/exceptiongroup?source=hash-mapping
  size: 20486
  timestamp: 1733208916977
- kind: conda
  name: executing
  version: 2.1.0
  build: pyhd8ed1ab_1
  build_number: 1
  subdir: noarch
  noarch: python
  url: https://conda.anaconda.org/conda-forge/noarch/executing-2.1.0-pyhd8ed1ab_1.conda
  sha256: 28d25ea375ebab4bf7479228f8430db20986187b04999136ff5c722ebd32eb60
  md5: ef8b5fca76806159fc25b4f48d8737eb
  depends:
  - python >=3.9
  license: MIT
  license_family: MIT
  purls:
  - pkg:pypi/executing?source=hash-mapping
  size: 28348
  timestamp: 1733569440265
- kind: pypi
  name: idna
  version: '3.10'
  url: https://files.pythonhosted.org/packages/76/c6/c88e154df9c4e1a2a66ccf0005a88dfb2650c1dffb6f5ce603dfbd452ce3/idna-3.10-py3-none-any.whl
  sha256: 946d195a0d259cbba61165e88e65941f16e9b36ea6ddb97f00452bae8b1287d3
  requires_dist:
  - ruff>=0.6.2 ; extra == 'all'
  - mypy>=1.11.2 ; extra == 'all'
  - pytest>=8.3.2 ; extra == 'all'
  - flake8>=7.1.1 ; extra == 'all'
  requires_python: '>=3.6'
- kind: conda
  name: importlib-metadata
  version: 8.6.1
  build: pyha770c72_0
  subdir: noarch
  noarch: python
  url: https://conda.anaconda.org/conda-forge/noarch/importlib-metadata-8.6.1-pyha770c72_0.conda
  sha256: 598951ebdb23e25e4cec4bbff0ae369cec65ead80b50bc08b441d8e54de5cf03
  md5: f4b39bf00c69f56ac01e020ebfac066c
  depends:
  - python >=3.9
  - zipp >=0.5
  license: Apache-2.0
  license_family: APACHE
  purls:
  - pkg:pypi/importlib-metadata?source=compressed-mapping
  size: 29141
  timestamp: 1737420302391
- kind: conda
  name: ipykernel
  version: 6.29.5
  build: pyh4bbf305_0
  subdir: noarch
  noarch: python
  url: https://conda.anaconda.org/conda-forge/noarch/ipykernel-6.29.5-pyh4bbf305_0.conda
  sha256: dc569094125127c0078aa536f78733f383dd7e09507277ef8bcd1789786e7086
  md5: 18df5fc4944a679e085e0e8f31775fc8
  depends:
  - __win
  - comm >=0.1.1
  - debugpy >=1.6.5
  - ipython >=7.23.1
  - jupyter_client >=6.1.12
  - jupyter_core >=4.12,!=5.0.*
  - matplotlib-inline >=0.1
  - nest-asyncio
  - packaging
  - psutil
  - python >=3.8
  - pyzmq >=24
  - tornado >=6.1
  - traitlets >=5.4.0
  license: BSD-3-Clause
  license_family: BSD
  purls:
  - pkg:pypi/ipykernel?source=hash-mapping
  size: 119853
  timestamp: 1719845858082
- kind: conda
  name: ipython
  version: 9.1.0
  build: pyhca29cf9_0
  subdir: noarch
  noarch: python
  url: https://conda.anaconda.org/conda-forge/noarch/ipython-9.1.0-pyhca29cf9_0.conda
  sha256: 330d452de42f10537bff1490f6ff08bf4e6c0c7288255be43f9e895e15dd2969
  md5: 4f71690ae510b365a22bb1cb926e6df2
  depends:
  - __win
  - colorama
  - decorator
  - exceptiongroup
  - ipython_pygments_lexers
  - jedi >=0.16
  - matplotlib-inline
  - pickleshare
  - prompt-toolkit >=3.0.41,<3.1.0
  - pygments >=2.4.0
  - python >=3.11
  - stack_data
  - traitlets >=5.13.0
  - typing_extensions >=4.6
  - python
  license: BSD-3-Clause
  license_family: BSD
  purls:
  - pkg:pypi/ipython?source=compressed-mapping
  size: 619172
  timestamp: 1744033183734
- kind: conda
  name: ipython_pygments_lexers
  version: 1.1.1
  build: pyhd8ed1ab_0
  subdir: noarch
  noarch: python
  url: https://conda.anaconda.org/conda-forge/noarch/ipython_pygments_lexers-1.1.1-pyhd8ed1ab_0.conda
  sha256: 894682a42a7d659ae12878dbcb274516a7031bbea9104e92f8e88c1f2765a104
  md5: bd80ba060603cc228d9d81c257093119
  depends:
  - pygments
  - python >=3.9
  license: BSD-3-Clause
  license_family: BSD
  purls:
  - pkg:pypi/ipython-pygments-lexers?source=hash-mapping
  size: 13993
  timestamp: 1737123723464
- kind: conda
  name: jedi
  version: 0.19.2
  build: pyhd8ed1ab_1
  build_number: 1
  subdir: noarch
  noarch: python
  url: https://conda.anaconda.org/conda-forge/noarch/jedi-0.19.2-pyhd8ed1ab_1.conda
  sha256: 92c4d217e2dc68983f724aa983cca5464dcb929c566627b26a2511159667dba8
  md5: a4f4c5dc9b80bc50e0d3dc4e6e8f1bd9
  depends:
  - parso >=0.8.3,<0.9.0
  - python >=3.9
  license: Apache-2.0 AND MIT
  purls:
  - pkg:pypi/jedi?source=hash-mapping
  size: 843646
  timestamp: 1733300981994
- kind: conda
  name: jupyter_client
  version: 8.6.3
  build: pyhd8ed1ab_1
  build_number: 1
  subdir: noarch
  noarch: python
  url: https://conda.anaconda.org/conda-forge/noarch/jupyter_client-8.6.3-pyhd8ed1ab_1.conda
  sha256: 19d8bd5bb2fde910ec59e081eeb59529491995ce0d653a5209366611023a0b3a
  md5: 4ebae00eae9705b0c3d6d1018a81d047
  depends:
  - importlib-metadata >=4.8.3
  - jupyter_core >=4.12,!=5.0.*
  - python >=3.9
  - python-dateutil >=2.8.2
  - pyzmq >=23.0
  - tornado >=6.2
  - traitlets >=5.3
  license: BSD-3-Clause
  license_family: BSD
  purls:
  - pkg:pypi/jupyter-client?source=hash-mapping
  size: 106342
  timestamp: 1733441040958
- kind: conda
  name: jupyter_core
  version: 5.7.2
  build: pyh5737063_1
  build_number: 1
  subdir: noarch
  noarch: python
  url: https://conda.anaconda.org/conda-forge/noarch/jupyter_core-5.7.2-pyh5737063_1.conda
  sha256: 7c903b2d62414c3e8da1f78db21f45b98de387aae195f8ca959794113ba4b3fd
  md5: 46d87d1c0ea5da0aae36f77fa406e20d
  depends:
  - __win
  - cpython
  - platformdirs >=2.5
  - python >=3.8
  - pywin32 >=300
  - traitlets >=5.3
  license: BSD-3-Clause
  license_family: BSD
  purls:
  - pkg:pypi/jupyter-core?source=hash-mapping
  size: 58269
  timestamp: 1727164026641
- kind: pypi
  name: keyring
  version: 23.4.1
  url: https://files.pythonhosted.org/packages/a4/e9/104ec4bffcf971375c348146c2199d4e241294286cc04a428b12c02e5f81/keyring-23.4.1-py3-none-any.whl
  sha256: 17e49fb0d6883c2b4445359434dba95aad84aabb29bbff044ad0ed7100232eca
  requires_dist:
  - importlib-metadata>=3.6
  - secretstorage>=3.2 ; sys_platform == 'linux'
  - jeepney>=0.4.2 ; sys_platform == 'linux'
  - pywin32-ctypes!=0.1.0,!=0.1.1 ; sys_platform == 'win32'
  - sphinx ; extra == 'docs'
  - jaraco-packaging>=8.2 ; extra == 'docs'
  - rst-linker>=1.9 ; extra == 'docs'
  - jaraco-tidelift>=1.4 ; extra == 'docs'
  - pytest>=6 ; extra == 'testing'
  - pytest-checkdocs>=2.4 ; extra == 'testing'
  - pytest-flake8 ; extra == 'testing'
  - pytest-cov ; extra == 'testing'
  - pytest-enabler>=1.0.1 ; extra == 'testing'
  - pytest-black>=0.3.7 ; platform_python_implementation != 'PyPy' and extra == 'testing'
  - pytest-mypy ; platform_python_implementation != 'PyPy' and extra == 'testing'
  requires_python: '>=3.6'
- kind: conda
  name: krb5
  version: 1.21.3
  build: hdf4eb48_0
  subdir: win-64
  url: https://conda.anaconda.org/conda-forge/win-64/krb5-1.21.3-hdf4eb48_0.conda
  sha256: 18e8b3430d7d232dad132f574268f56b3eb1a19431d6d5de8c53c29e6c18fa81
  md5: 31aec030344e962fbd7dbbbbd68e60a9
  depends:
  - openssl >=3.3.1,<4.0a0
  - ucrt >=10.0.20348.0
  - vc >=14.2,<15
  - vc14_runtime >=14.29.30139
  license: MIT
  license_family: MIT
  purls: []
  size: 712034
  timestamp: 1719463874284
- kind: conda
  name: libexpat
  version: 2.7.0
  build: he0c23c2_0
  subdir: win-64
  url: https://conda.anaconda.org/conda-forge/win-64/libexpat-2.7.0-he0c23c2_0.conda
  sha256: 1a227c094a4e06bd54e8c2f3ec40c17ff99dcf3037d812294f842210aa66dbeb
  md5: b6f5352fdb525662f4169a0431d2dd7a
  depends:
  - ucrt >=10.0.20348.0
  - vc >=14.2,<15
  - vc14_runtime >=14.29.30139
  constrains:
  - expat 2.7.0.*
  license: MIT
  license_family: MIT
  purls: []
  size: 140896
  timestamp: 1743432122520
- kind: conda
  name: libffi
  version: 3.4.6
  build: h537db12_1
  build_number: 1
  subdir: win-64
  url: https://conda.anaconda.org/conda-forge/win-64/libffi-3.4.6-h537db12_1.conda
  sha256: d3b0b8812eab553d3464bbd68204f007f1ebadf96ce30eb0cbc5159f72e353f5
  md5: 85d8fa5e55ed8f93f874b3b23ed54ec6
  depends:
  - ucrt >=10.0.20348.0
  - vc >=14.2,<15
  - vc14_runtime >=14.29.30139
  license: MIT
  license_family: MIT
  purls: []
  size: 44978
  timestamp: 1743435053850
- kind: conda
  name: liblzma
  version: 5.8.1
  build: h2466b09_0
  subdir: win-64
  url: https://conda.anaconda.org/conda-forge/win-64/liblzma-5.8.1-h2466b09_0.conda
  sha256: 1477e9bff05318f3129d37be0e64c76cce0973c4b8c73d13a467d0b7f03d157c
  md5: 8d5cb0016b645d6688e2ff57c5d51302
  depends:
  - ucrt >=10.0.20348.0
  - vc >=14.2,<15
  - vc14_runtime >=14.29.30139
  license: 0BSD
  purls: []
  size: 104682
  timestamp: 1743771561515
- kind: conda
  name: libmpdec
  version: 4.0.0
  build: h2466b09_0
  subdir: win-64
  url: https://conda.anaconda.org/conda-forge/win-64/libmpdec-4.0.0-h2466b09_0.conda
  sha256: fc529fc82c7caf51202cc5cec5bb1c2e8d90edbac6d0a4602c966366efe3c7bf
  md5: 74860100b2029e2523cf480804c76b9b
  depends:
  - ucrt >=10.0.20348.0
  - vc >=14.2,<15
  - vc14_runtime >=14.29.30139
  license: BSD-2-Clause
  license_family: BSD
  purls: []
  size: 88657
  timestamp: 1723861474602
- kind: conda
  name: libsodium
  version: 1.0.20
  build: hc70643c_0
  subdir: win-64
  url: https://conda.anaconda.org/conda-forge/win-64/libsodium-1.0.20-hc70643c_0.conda
  sha256: 7bcb3edccea30f711b6be9601e083ecf4f435b9407d70fc48fbcf9e5d69a0fc6
  md5: 198bb594f202b205c7d18b936fa4524f
  depends:
  - ucrt >=10.0.20348.0
  - vc >=14.2,<15
  - vc14_runtime >=14.29.30139
  license: ISC
  purls: []
  size: 202344
  timestamp: 1716828757533
- kind: conda
  name: libsqlite
  version: 3.49.1
  build: h67fdade_2
  build_number: 2
  subdir: win-64
  url: https://conda.anaconda.org/conda-forge/win-64/libsqlite-3.49.1-h67fdade_2.conda
  sha256: c092d42d00fd85cf609cc58574ba2b03c141af5762283f36f5dd445ef7c0f4fe
  md5: b58b66d4ad1aaf1c2543cbbd6afb1a59
  depends:
  - ucrt >=10.0.20348.0
  - vc >=14.2,<15
  - vc14_runtime >=14.29.30139
  license: Unlicense
  purls: []
  size: 1081292
  timestamp: 1742083956001
- kind: conda
  name: libzlib
  version: 1.3.1
  build: h2466b09_2
  build_number: 2
  subdir: win-64
  url: https://conda.anaconda.org/conda-forge/win-64/libzlib-1.3.1-h2466b09_2.conda
  sha256: ba945c6493449bed0e6e29883c4943817f7c79cbff52b83360f7b341277c6402
  md5: 41fbfac52c601159df6c01f875de31b9
  depends:
  - ucrt >=10.0.20348.0
  - vc >=14.2,<15
  - vc14_runtime >=14.29.30139
  constrains:
  - zlib 1.3.1 *_2
  license: Zlib
  license_family: Other
  purls: []
  size: 55476
  timestamp: 1727963768015
- kind: conda
  name: matplotlib-inline
  version: 0.1.7
  build: pyhd8ed1ab_1
  build_number: 1
  subdir: noarch
  noarch: python
  url: https://conda.anaconda.org/conda-forge/noarch/matplotlib-inline-0.1.7-pyhd8ed1ab_1.conda
  sha256: 69b7dc7131703d3d60da9b0faa6dd8acbf6f6c396224cf6aef3e855b8c0c41c6
  md5: af6ab708897df59bd6e7283ceab1b56b
  depends:
  - python >=3.9
  - traitlets
  license: BSD-3-Clause
  license_family: BSD
  purls:
  - pkg:pypi/matplotlib-inline?source=hash-mapping
  size: 14467
  timestamp: 1733417051523
- kind: conda
  name: nest-asyncio
  version: 1.6.0
  build: pyhd8ed1ab_1
  build_number: 1
  subdir: noarch
  noarch: python
  url: https://conda.anaconda.org/conda-forge/noarch/nest-asyncio-1.6.0-pyhd8ed1ab_1.conda
  sha256: bb7b21d7fd0445ddc0631f64e66d91a179de4ba920b8381f29b9d006a42788c0
  md5: 598fd7d4d0de2455fb74f56063969a97
  depends:
  - python >=3.9
  license: BSD-2-Clause
  license_family: BSD
  purls:
  - pkg:pypi/nest-asyncio?source=hash-mapping
  size: 11543
  timestamp: 1733325673691
- kind: conda
  name: openssl
  version: 3.5.0
  build: ha4e3fda_0
  subdir: win-64
  url: https://conda.anaconda.org/conda-forge/win-64/openssl-3.5.0-ha4e3fda_0.conda
  sha256: 43dd7f56da142ca83c614c8b0085589650ae9032b351a901c190e48eefc73675
  md5: 4ea7db75035eb8c13fa680bb90171e08
  depends:
  - ca-certificates
  - ucrt >=10.0.20348.0
  - vc >=14.2,<15
  - vc14_runtime >=14.29.30139
  license: Apache-2.0
  license_family: Apache
  purls: []
  size: 8999138
  timestamp: 1744135594688
- kind: conda
  name: packaging
  version: '24.2'
  build: pyhd8ed1ab_2
  build_number: 2
  subdir: noarch
  noarch: python
  url: https://conda.anaconda.org/conda-forge/noarch/packaging-24.2-pyhd8ed1ab_2.conda
  sha256: da157b19bcd398b9804c5c52fc000fcb8ab0525bdb9c70f95beaa0bb42f85af1
  md5: 3bfed7e6228ebf2f7b9eaa47f1b4e2aa
  depends:
  - python >=3.8
  license: Apache-2.0
  license_family: APACHE
  purls:
  - pkg:pypi/packaging?source=hash-mapping
  size: 60164
  timestamp: 1733203368787
- kind: conda
  name: parso
  version: 0.8.4
  build: pyhd8ed1ab_1
  build_number: 1
  subdir: noarch
  noarch: python
  url: https://conda.anaconda.org/conda-forge/noarch/parso-0.8.4-pyhd8ed1ab_1.conda
  sha256: 17131120c10401a99205fc6fe436e7903c0fa092f1b3e80452927ab377239bcc
  md5: 5c092057b6badd30f75b06244ecd01c9
  depends:
  - python >=3.9
  license: MIT
  license_family: MIT
  purls:
  - pkg:pypi/parso?source=hash-mapping
  size: 75295
  timestamp: 1733271352153
- kind: conda
  name: pickleshare
  version: 0.7.5
  build: pyhd8ed1ab_1004
  build_number: 1004
  subdir: noarch
  noarch: python
  url: https://conda.anaconda.org/conda-forge/noarch/pickleshare-0.7.5-pyhd8ed1ab_1004.conda
  sha256: e2ac3d66c367dada209fc6da43e645672364b9fd5f9d28b9f016e24b81af475b
  md5: 11a9d1d09a3615fc07c3faf79bc0b943
  depends:
  - python >=3.9
  license: MIT
  license_family: MIT
  purls:
  - pkg:pypi/pickleshare?source=hash-mapping
  size: 11748
  timestamp: 1733327448200
- kind: conda
  name: platformdirs
  version: 4.3.7
  build: pyh29332c3_0
  subdir: noarch
  noarch: python
  url: https://conda.anaconda.org/conda-forge/noarch/platformdirs-4.3.7-pyh29332c3_0.conda
  sha256: ae7d3e58224d53d6b59e1f5ac5809803bb1972f0ac4fb10cd9b8c87d4122d3e0
  md5: e57da6fe54bb3a5556cf36d199ff07d8
  depends:
  - python >=3.9
  - python
  license: MIT
  license_family: MIT
  purls:
  - pkg:pypi/platformdirs?source=compressed-mapping
  size: 23291
  timestamp: 1742485085457
- kind: conda
  name: prompt-toolkit
  version: 3.0.50
  build: pyha770c72_0
  subdir: noarch
  noarch: python
  url: https://conda.anaconda.org/conda-forge/noarch/prompt-toolkit-3.0.50-pyha770c72_0.conda
  sha256: 0749c49a349bf55b8539ce5addce559b77592165da622944a51c630e94d97889
  md5: 7d823138f550b14ecae927a5ff3286de
  depends:
  - python >=3.9
  - wcwidth
  constrains:
  - prompt_toolkit 3.0.50
  license: BSD-3-Clause
  license_family: BSD
  purls:
  - pkg:pypi/prompt-toolkit?source=hash-mapping
  size: 271905
  timestamp: 1737453457168
- kind: conda
  name: psutil
  version: 7.0.0
  build: py313ha7868ed_0
  subdir: win-64
  url: https://conda.anaconda.org/conda-forge/win-64/psutil-7.0.0-py313ha7868ed_0.conda
  sha256: d8e5d86e939d5f308c7922835a94458afb29d81c90b5d43c43a5537c9c7adbc1
  md5: 3cdf99cf98b01856af9f26c5d8036353
  depends:
  - python >=3.13,<3.14.0a0
  - python_abi 3.13.* *_cp313
  - ucrt >=10.0.20348.0
  - vc >=14.2,<15
  - vc14_runtime >=14.29.30139
  license: BSD-3-Clause
  license_family: BSD
  purls:
  - pkg:pypi/psutil?source=hash-mapping
  size: 491314
  timestamp: 1740663777370
- kind: conda
  name: pure_eval
  version: 0.2.3
  build: pyhd8ed1ab_1
  build_number: 1
  subdir: noarch
  noarch: python
  url: https://conda.anaconda.org/conda-forge/noarch/pure_eval-0.2.3-pyhd8ed1ab_1.conda
  sha256: 71bd24600d14bb171a6321d523486f6a06f855e75e547fa0cb2a0953b02047f0
  md5: 3bfdfb8dbcdc4af1ae3f9a8eb3948f04
  depends:
  - python >=3.9
  license: MIT
  license_family: MIT
  purls:
  - pkg:pypi/pure-eval?source=hash-mapping
  size: 16668
  timestamp: 1733569518868
- kind: conda
  name: pygments
  version: 2.19.1
  build: pyhd8ed1ab_0
  subdir: noarch
  noarch: python
  url: https://conda.anaconda.org/conda-forge/noarch/pygments-2.19.1-pyhd8ed1ab_0.conda
  sha256: 28a3e3161390a9d23bc02b4419448f8d27679d9e2c250e29849e37749c8de86b
  md5: 232fb4577b6687b2d503ef8e254270c9
  depends:
  - python >=3.9
  license: BSD-2-Clause
  license_family: BSD
  purls:
  - pkg:pypi/pygments?source=hash-mapping
  size: 888600
  timestamp: 1736243563082
- kind: conda
  name: python
  version: 3.13.2
  build: h261c0b1_101_cp313
  build_number: 101
  subdir: win-64
  url: https://conda.anaconda.org/conda-forge/win-64/python-3.13.2-h261c0b1_101_cp313.conda
  sha256: b6e7a6f314343926b5a236592272e5014edcda150e14d18d0fb9440d8a185c3f
  md5: 5116c74f5e3e77b915b7b72eea0ec946
  depends:
  - bzip2 >=1.0.8,<2.0a0
  - libexpat >=2.6.4,<3.0a0
  - libffi >=3.4,<4.0a0
  - liblzma >=5.6.4,<6.0a0
  - libmpdec >=4.0.0,<5.0a0
  - libsqlite >=3.48.0,<4.0a0
  - libzlib >=1.3.1,<2.0a0
  - openssl >=3.4.1,<4.0a0
  - python_abi 3.13.* *_cp313
  - tk >=8.6.13,<8.7.0a0
  - tzdata
  - ucrt >=10.0.20348.0
  - vc >=14.2,<15
  - vc14_runtime >=14.29.30139
  license: Python-2.0
  purls: []
  size: 16848398
  timestamp: 1739800686310
- kind: conda
  name: python-dateutil
  version: 2.9.0.post0
  build: pyhff2d567_1
  build_number: 1
  subdir: noarch
  noarch: python
  url: https://conda.anaconda.org/conda-forge/noarch/python-dateutil-2.9.0.post0-pyhff2d567_1.conda
  sha256: a50052536f1ef8516ed11a844f9413661829aa083304dc624c5925298d078d79
  md5: 5ba79d7c71f03c678c8ead841f347d6e
  depends:
  - python >=3.9
  - six >=1.5
  license: Apache-2.0
  license_family: APACHE
  purls:
  - pkg:pypi/python-dateutil?source=hash-mapping
  size: 222505
  timestamp: 1733215763718
- kind: conda
  name: python_abi
  version: '3.13'
  build: 6_cp313
  build_number: 6
  subdir: win-64
  url: https://conda.anaconda.org/conda-forge/win-64/python_abi-3.13-6_cp313.conda
  sha256: 0816298ff9928059d3a0c647fda7de337a2364b26c974622d1a8a6435bb04ae6
  md5: e1746f65158fa51d5367ec02547db248
  constrains:
  - python 3.13.* *_cp313
  license: BSD-3-Clause
  license_family: BSD
  purls: []
  size: 7361
  timestamp: 1743483194308
- kind: conda
  name: pywin32
  version: '307'
  build: py313h5813708_3
  build_number: 3
  subdir: win-64
  url: https://conda.anaconda.org/conda-forge/win-64/pywin32-307-py313h5813708_3.conda
  sha256: 0a68b324ea47ae720c62522c5d0bb5ea3e4987e1c5870d6490c7f954fbe14cbe
  md5: 7113bd6cfe34e80d8211f7c019d14357
  depends:
  - python >=3.13,<3.14.0a0
  - python_abi 3.13.* *_cp313
  - ucrt >=10.0.20348.0
  - vc >=14.2,<15
  - vc14_runtime >=14.29.30139
  license: PSF-2.0
  license_family: PSF
  purls:
  - pkg:pypi/pywin32?source=hash-mapping
  size: 6060096
  timestamp: 1728636763526
- kind: pypi
  name: pywin32-ctypes
  version: 0.2.3
  url: https://files.pythonhosted.org/packages/de/3d/8161f7711c017e01ac9f008dfddd9410dff3674334c233bde66e7ba65bbf/pywin32_ctypes-0.2.3-py3-none-any.whl
  sha256: 8a1513379d709975552d202d942d9837758905c8d01eb82b8bcc30918929e7b8
  requires_python: '>=3.6'
- kind: conda
  name: pyzmq
  version: 26.4.0
  build: py313h2100fd5_0
  subdir: win-64
  url: https://conda.anaconda.org/conda-forge/win-64/pyzmq-26.4.0-py313h2100fd5_0.conda
  sha256: a4df396a30b654c9bee979c930a982289d610b9d8fc5dd0e0b581251609c9ec0
  md5: b4f6e525ad0101a84c79a2b444432726
  depends:
  - libsodium >=1.0.20,<1.0.21.0a0
  - python >=3.13,<3.14.0a0
  - python_abi 3.13.* *_cp313
  - ucrt >=10.0.20348.0
  - vc >=14.2,<15
  - vc14_runtime >=14.29.30139
  - zeromq >=4.3.5,<4.3.6.0a0
  license: BSD-3-Clause
  license_family: BSD
  purls:
  - pkg:pypi/pyzmq?source=hash-mapping
  size: 369170
  timestamp: 1743831922949
- kind: pypi
  name: requests
  version: 2.32.3
  url: https://files.pythonhosted.org/packages/f9/9b/335f9764261e915ed497fcdeb11df5dfd6f7bf257d4a6a2a686d80da4d54/requests-2.32.3-py3-none-any.whl
  sha256: 70761cfe03c773ceb22aa2f671b4757976145175cdfca038c02654d061d6dcc6
  requires_dist:
  - charset-normalizer<4,>=2
  - idna<4,>=2.5
  - urllib3<3,>=1.21.1
  - certifi>=2017.4.17
  - pysocks!=1.5.7,>=1.5.6 ; extra == 'socks'
  - chardet<6,>=3.0.2 ; extra == 'use-chardet-on-py3'
  requires_python: '>=3.8'
- kind: conda
  name: six
  version: 1.17.0
  build: pyhd8ed1ab_0
  subdir: noarch
  noarch: python
  url: https://conda.anaconda.org/conda-forge/noarch/six-1.17.0-pyhd8ed1ab_0.conda
  sha256: 41db0180680cc67c3fa76544ffd48d6a5679d96f4b71d7498a759e94edc9a2db
  md5: a451d576819089b0d672f18768be0f65
  depends:
  - python >=3.9
  license: MIT
  license_family: MIT
  purls:
  - pkg:pypi/six?source=hash-mapping
  size: 16385
  timestamp: 1733381032766
- kind: conda
  name: stack_data
  version: 0.6.3
  build: pyhd8ed1ab_1
  build_number: 1
  subdir: noarch
  noarch: python
  url: https://conda.anaconda.org/conda-forge/noarch/stack_data-0.6.3-pyhd8ed1ab_1.conda
  sha256: 570da295d421661af487f1595045760526964f41471021056e993e73089e9c41
  md5: b1b505328da7a6b246787df4b5a49fbc
  depends:
  - asttokens
  - executing
  - pure_eval
  - python >=3.9
  license: MIT
  license_family: MIT
  purls:
  - pkg:pypi/stack-data?source=hash-mapping
  size: 26988
  timestamp: 1733569565672
- kind: pypi
  name: synapseclient
  version: 3.1.1
  url: https://files.pythonhosted.org/packages/90/84/4d10a34535276d1d58129f995d02f25ba04718a2297b5025823ac4824c5c/synapseclient-3.1.1-py3-none-any.whl
  sha256: d9b732b450ee5c69a8d6875058af6739e0e076eb214fa0d05e7ebb21a0106846
  requires_dist:
  - requests<3.0,>=2.22.0
  - urllib3<2,>=1.26.18
  - keyring<23.5,>=15
  - deprecated<2.0,>=1.2.4
  - keyrings-alt==3.1 ; sys_platform == 'linux'
  - boto3<2.0,>=1.7.0 ; extra == 'boto3'
  - pytest<7.0,>=6.0.0 ; extra == 'dev'
  - pytest-mock<4.0,>=3.0 ; extra == 'dev'
  - flake8<4.0,>=3.7.0 ; extra == 'dev'
  - pytest-xdist[psutil]<3.0.0,>=2.2 ; extra == 'dev'
  - pytest-rerunfailures~=12.0 ; extra == 'dev'
  - func-timeout~=4.3 ; extra == 'dev'
  - black ; extra == 'dev'
  - pre-commit ; extra == 'dev'
  - sphinx<5.0,>=4.0 ; extra == 'docs'
  - sphinx-argparse<0.3,>=0.2 ; extra == 'docs'
  - sphinx-rtd-theme ; extra == 'docs'
  - pandas<2.1,>=1.5 ; extra == 'pandas'
  - pysftp<0.3,>=0.2.8 ; extra == 'pysftp'
  - pytest<7.0,>=6.0.0 ; extra == 'tests'
  - pytest-mock<4.0,>=3.0 ; extra == 'tests'
  - flake8<4.0,>=3.7.0 ; extra == 'tests'
  - pytest-xdist[psutil]<3.0.0,>=2.2 ; extra == 'tests'
  - pytest-rerunfailures~=12.0 ; extra == 'tests'
  - func-timeout~=4.3 ; extra == 'tests'
  requires_python: '>=3.8'
- kind: conda
  name: tk
  version: 8.6.13
  build: h5226925_1
  build_number: 1
  subdir: win-64
  url: https://conda.anaconda.org/conda-forge/win-64/tk-8.6.13-h5226925_1.conda
  sha256: 2c4e914f521ccb2718946645108c9bd3fc3216ba69aea20c2c3cedbd8db32bb1
  md5: fc048363eb8f03cd1737600a5d08aafe
  depends:
  - ucrt >=10.0.20348.0
  - vc >=14.2,<15
  - vc14_runtime >=14.29.30139
  license: TCL
  license_family: BSD
  purls: []
  size: 3503410
  timestamp: 1699202577803
- kind: conda
  name: tornado
  version: 6.4.2
  build: py313ha7868ed_0
  subdir: win-64
  url: https://conda.anaconda.org/conda-forge/win-64/tornado-6.4.2-py313ha7868ed_0.conda
  sha256: 062e8b77b825463fc59f373d4033fae7cf65a4170e761814bcbf25cd0627bd1d
  md5: 3d63fe6a4757924a085ab10196049854
  depends:
  - python >=3.13,<3.14.0a0
  - python_abi 3.13.* *_cp313
  - ucrt >=10.0.20348.0
  - vc >=14.2,<15
  - vc14_runtime >=14.29.30139
  license: Apache-2.0
  license_family: Apache
  purls:
  - pkg:pypi/tornado?source=hash-mapping
  size: 865881
  timestamp: 1732616355868
- kind: conda
  name: traitlets
  version: 5.14.3
  build: pyhd8ed1ab_1
  build_number: 1
  subdir: noarch
  noarch: python
  url: https://conda.anaconda.org/conda-forge/noarch/traitlets-5.14.3-pyhd8ed1ab_1.conda
  sha256: f39a5620c6e8e9e98357507262a7869de2ae8cc07da8b7f84e517c9fd6c2b959
  md5: 019a7385be9af33791c989871317e1ed
  depends:
  - python >=3.9
  license: BSD-3-Clause
  license_family: BSD
  purls:
  - pkg:pypi/traitlets?source=hash-mapping
  size: 110051
  timestamp: 1733367480074
- kind: conda
  name: typing_extensions
  version: 4.13.1
  build: pyh29332c3_0
  subdir: noarch
  noarch: python
  url: https://conda.anaconda.org/conda-forge/noarch/typing_extensions-4.13.1-pyh29332c3_0.conda
  sha256: 78a5efbf86eca68b5f9e58f0dc7e56dcfa96d1dcba5c7f5f37d2c0444de22085
  md5: 5710c79a5fb0a6bfdba0a887f90583b1
  depends:
  - python >=3.9
  - python
  license: PSF-2.0
  license_family: PSF
  purls:
  - pkg:pypi/typing-extensions?source=compressed-mapping
  size: 52170
  timestamp: 1743820059977
- kind: conda
  name: tzdata
  version: 2025b
  build: h78e105d_0
  subdir: noarch
  noarch: generic
  url: https://conda.anaconda.org/conda-forge/noarch/tzdata-2025b-h78e105d_0.conda
  sha256: 5aaa366385d716557e365f0a4e9c3fca43ba196872abbbe3d56bb610d131e192
  md5: 4222072737ccff51314b5ece9c7d6f5a
  license: LicenseRef-Public-Domain
  purls: []
  size: 122968
  timestamp: 1742727099393
- kind: conda
  name: ucrt
  version: 10.0.22621.0
  build: h57928b3_1
  build_number: 1
  subdir: win-64
  url: https://conda.anaconda.org/conda-forge/win-64/ucrt-10.0.22621.0-h57928b3_1.conda
  sha256: db8dead3dd30fb1a032737554ce91e2819b43496a0db09927edf01c32b577450
  md5: 6797b005cd0f439c4c5c9ac565783700
  constrains:
  - vs2015_runtime >=14.29.30037
  license: LicenseRef-MicrosoftWindowsSDK10
  purls: []
  size: 559710
  timestamp: 1728377334097
- kind: pypi
  name: urllib3
  version: 1.26.20
  url: https://files.pythonhosted.org/packages/33/cf/8435d5a7159e2a9c83a95896ed596f68cf798005fe107cc655b5c5c14704/urllib3-1.26.20-py2.py3-none-any.whl
  sha256: 0ed14ccfbf1c30a9072c7ca157e4319b70d65f623e91e7b32fadb2853431016e
  requires_dist:
  - brotlicffi>=0.8.0 ; (os_name != 'nt' and platform_python_implementation != 'CPython' and extra == 'brotli') or (python_full_version >= '3' and platform_python_implementation != 'CPython' and extra == 'brotli')
  - brotli==1.0.9 ; python_full_version < '3' and os_name != 'nt' and platform_python_implementation == 'CPython' and extra == 'brotli'
  - brotlipy>=0.6.0 ; python_full_version < '3' and os_name == 'nt' and extra == 'brotli'
  - brotli>=1.0.9 ; python_full_version >= '3' and platform_python_implementation == 'CPython' and extra == 'brotli'
  - pyopenssl>=0.14 ; extra == 'secure'
  - cryptography>=1.3.4 ; extra == 'secure'
  - idna>=2.0.0 ; extra == 'secure'
  - certifi ; extra == 'secure'
  - urllib3-secure-extra ; extra == 'secure'
  - ipaddress ; python_full_version == '2.7.*' and extra == 'secure'
  - pysocks!=1.5.7,<2.0,>=1.5.6 ; extra == 'socks'
  requires_python: '>=2.7,!=3.0.*,!=3.1.*,!=3.2.*,!=3.3.*,!=3.4.*,!=3.5.*'
- kind: conda
  name: vc
  version: '14.3'
  build: h2b53caa_26
  build_number: 26
  subdir: win-64
  url: https://conda.anaconda.org/conda-forge/win-64/vc-14.3-h2b53caa_26.conda
  sha256: 7a685b5c37e9713fa314a0d26b8b1d7a2e6de5ab758698199b5d5b6dba2e3ce1
  md5: d3f0381e38093bde620a8d85f266ae55
  depends:
  - vc14_runtime >=14.42.34433
  track_features:
  - vc14
  license: BSD-3-Clause
  license_family: BSD
  purls: []
  size: 17893
  timestamp: 1743195261486
- kind: conda
  name: vc14_runtime
  version: 14.42.34438
  build: hfd919c2_26
  build_number: 26
  subdir: win-64
  url: https://conda.anaconda.org/conda-forge/win-64/vc14_runtime-14.42.34438-hfd919c2_26.conda
  sha256: 30dcb71bb166e351aadbdc18f1718757c32cdaa0e1e5d9368469ee44f6bf4709
  md5: 91651a36d31aa20c7ba36299fb7068f4
  depends:
  - ucrt >=10.0.20348.0
  constrains:
  - vs2015_runtime 14.42.34438.* *_26
  license: LicenseRef-MicrosoftVisualCpp2015-2022Runtime
  license_family: Proprietary
  purls: []
  size: 750733
  timestamp: 1743195092905
- kind: conda
  name: wcwidth
  version: 0.2.13
  build: pyhd8ed1ab_1
  build_number: 1
  subdir: noarch
  noarch: python
  url: https://conda.anaconda.org/conda-forge/noarch/wcwidth-0.2.13-pyhd8ed1ab_1.conda
  sha256: f21e63e8f7346f9074fd00ca3b079bd3d2fa4d71f1f89d5b6934bf31446dc2a5
  md5: b68980f2495d096e71c7fd9d7ccf63e6
  depends:
  - python >=3.9
  license: MIT
  license_family: MIT
  purls:
  - pkg:pypi/wcwidth?source=hash-mapping
  size: 32581
  timestamp: 1733231433877
- kind: pypi
  name: wrapt
  version: 1.17.2
  url: https://files.pythonhosted.org/packages/bf/ae/743f16ef8c2e3628df3ddfd652b7d4c555d12c84b53f3d8218498f4ade9b/wrapt-1.17.2-cp313-cp313-win_amd64.whl
  sha256: 69606d7bb691b50a4240ce6b22ebb319c1cfb164e5f6569835058196e0f3a845
  requires_python: '>=3.8'
- kind: conda
  name: zeromq
  version: 4.3.5
  build: ha9f60a1_7
  build_number: 7
  subdir: win-64
  url: https://conda.anaconda.org/conda-forge/win-64/zeromq-4.3.5-ha9f60a1_7.conda
  sha256: 15cc8e2162d0a33ffeb3f7b7c7883fd830c54a4b1be6a4b8c7ee1f4fef0088fb
  md5: e03f2c245a5ee6055752465519363b1c
  depends:
  - krb5 >=1.21.3,<1.22.0a0
  - libsodium >=1.0.20,<1.0.21.0a0
  - ucrt >=10.0.20348.0
  - vc >=14.2,<15
  - vc14_runtime >=14.29.30139
  license: MPL-2.0
  license_family: MOZILLA
  purls: []
  size: 2527503
  timestamp: 1731585151036
- kind: conda
  name: zipp
  version: 3.21.0
  build: pyhd8ed1ab_1
  build_number: 1
  subdir: noarch
  noarch: python
  url: https://conda.anaconda.org/conda-forge/noarch/zipp-3.21.0-pyhd8ed1ab_1.conda
  sha256: 567c04f124525c97a096b65769834b7acb047db24b15a56888a322bf3966c3e1
  md5: 0c3cc595284c5e8f0f9900a9b228a332
  depends:
  - python >=3.9
  license: MIT
  license_family: MIT
  purls:
  - pkg:pypi/zipp?source=hash-mapping
  size: 21809
  timestamp: 1732827613585
